
Microsoft Visual Studio Solution File, Format Version 12.00
# Visual Studio 2012
Project("{FAE04EC0-301F-11D3-BF4B-00C04F79EFBC}") = "DDSReader", "DDSReader\DDSReader.csproj", "{D74A367A-7311-4E21-ABAB-D065442FF603}"
EndProject
Global
	GlobalSection(SolutionConfigurationPlatforms) = preSolution
		Debug|Any CPU = Debug|Any CPU
		Release|Any CPU = Release|Any CPU
	EndGlobalSection
	GlobalSection(ProjectConfigurationPlatforms) = postSolution
		{D74A367A-7311-4E21-ABAB-D065442FF603}.Debug|Any CPU.ActiveCfg = Debug|Any CPU
		{D74A367A-7311-4E21-ABAB-D065442FF603}.Debug|Any CPU.Build.0 = Debug|Any CPU
		{D74A367A-7311-4E21-ABAB-D065442FF603}.Release|Any CPU.ActiveCfg = Release|Any CPU
		{D74A367A-7311-4E21-ABAB-D065442FF603}.Release|Any CPU.Build.0 = Release|Any CPU
	EndGlobalSection
	GlobalSection(SolutionProperties) = preSolution
		HideSolutionNode = FALSE
	EndGlobalSection
EndGlobal
